
Microsoft Visual Studio Solution File, Format Version 12.00
# Visual Studio Version 17
VisualStudioVersion = 17.5.33414.496
MinimumVisualStudioVersion = 10.0.40219.1
Project("{FAE04EC0-301F-11D3-BF4B-00C04F79EFBC}") = "board_", "board_\board_.csproj", "{EC348BD4-F398-4491-BA42-DCAC0CC2F14F}"
EndProject
Global
	GlobalSection(SolutionConfigurationPlatforms) = preSolution
		Debug|Any CPU = Debug|Any CPU
		Release|Any CPU = Release|Any CPU
	EndGlobalSection
	GlobalSection(ProjectConfigurationPlatforms) = postSolution
		{EC348BD4-F398-4491-BA42-DCAC0CC2F14F}.Debug|Any CPU.ActiveCfg = Debug|Any CPU
		{EC348BD4-F398-4491-BA42-DCAC0CC2F14F}.Debug|Any CPU.Build.0 = Debug|Any CPU
		{EC348BD4-F398-4491-BA42-DCAC0CC2F14F}.Release|Any CPU.ActiveCfg = Release|Any CPU
		{EC348BD4-F398-4491-BA42-DCAC0CC2F14F}.Release|Any CPU.Build.0 = Release|Any CPU
	EndGlobalSection
	GlobalSection(SolutionProperties) = preSolution
		HideSolutionNode = FALSE
	EndGlobalSection
	GlobalSection(ExtensibilityGlobals) = postSolution
		SolutionGuid = {BC623298-8F5A-49BE-B2D4-2A42F888249F}
	EndGlobalSection
EndGlobal
